
Microsoft Visual Studio Solution File, Format Version 12.00
# Visual Studio Version 17
VisualStudioVersion = 17.3.32819.101
MinimumVisualStudioVersion = 10.0.40219.1
Project("{9A19103F-16F7-4668-BE54-9A1E7A4F7556}") = "SafeDisaster", "SafeDisaster.csproj", "{38338CF0-8AE1-4F19-83D4-5D37EFF59B66}"
EndProject
Global
	GlobalSection(SolutionConfigurationPlatforms) = preSolution
		Debug|Any CPU = Debug|Any CPU
		Release|Any CPU = Release|Any CPU
	EndGlobalSection
	GlobalSection(ProjectConfigurationPlatforms) = postSolution
		{38338CF0-8AE1-4F19-83D4-5D37EFF59B66}.Debug|Any CPU.ActiveCfg = Debug|Any CPU
		{38338CF0-8AE1-4F19-83D4-5D37EFF59B66}.Debug|Any CPU.Build.0 = Debug|Any CPU
		{38338CF0-8AE1-4F19-83D4-5D37EFF59B66}.Release|Any CPU.ActiveCfg = Release|Any CPU
		{38338CF0-8AE1-4F19-83D4-5D37EFF59B66}.Release|Any CPU.Build.0 = Release|Any CPU
	EndGlobalSection
	GlobalSection(SolutionProperties) = preSolution
		HideSolutionNode = FALSE
	EndGlobalSection
	GlobalSection(ExtensibilityGlobals) = postSolution
		SolutionGuid = {C825ACD5-129D-4E80-B888-2124A5A6581D}
	EndGlobalSection
EndGlobal
